
Microsoft Visual Studio Solution File, Format Version 12.00
# Visual Studio Version 17
VisualStudioVersion = 17.11.35327.3
MinimumVisualStudioVersion = 10.0.40219.1
Project("{FAE04EC0-301F-11D3-BF4B-00C04F79EFBC}") = "лаба", "лаба\лаба.csproj", "{3FDD7670-4A1D-42A7-9CD4-E466CA38C546}"
EndProject
Global
	GlobalSection(SolutionConfigurationPlatforms) = preSolution
		Debug|Any CPU = Debug|Any CPU
		Release|Any CPU = Release|Any CPU
	EndGlobalSection
	GlobalSection(ProjectConfigurationPlatforms) = postSolution
		{3FDD7670-4A1D-42A7-9CD4-E466CA38C546}.Debug|Any CPU.ActiveCfg = Debug|Any CPU
		{3FDD7670-4A1D-42A7-9CD4-E466CA38C546}.Debug|Any CPU.Build.0 = Debug|Any CPU
		{3FDD7670-4A1D-42A7-9CD4-E466CA38C546}.Release|Any CPU.ActiveCfg = Release|Any CPU
		{3FDD7670-4A1D-42A7-9CD4-E466CA38C546}.Release|Any CPU.Build.0 = Release|Any CPU
	EndGlobalSection
	GlobalSection(SolutionProperties) = preSolution
		HideSolutionNode = FALSE
	EndGlobalSection
	GlobalSection(ExtensibilityGlobals) = postSolution
		SolutionGuid = {6660225C-E322-4684-90C9-B1D15841F318}
	EndGlobalSection
EndGlobal
